# @generated - this file is auto-generated by `mise lock` https://mise.en.dev/dev-tools/mise-lock.html

[[tools.dotenvx]]
version = "1.64.0"
backend = "aqua:dotenvx/dotenvx"

[tools.dotenvx."platforms.linux-arm64"]
checksum = "sha256:a16680bbe15d9183bff02b9ad6e71f88cf0e4e2fced04d9fd54340ebbb518de8"
url = "https://github.com/dotenvx/dotenvx/releases/download/v1.64.0/dotenvx-1.64.0-linux-aarch64.tar.gz"

[tools.dotenvx."platforms.linux-arm64-musl"]
checksum = "sha256:a16680bbe15d9183bff02b9ad6e71f88cf0e4e2fced04d9fd54340ebbb518de8"
url = "https://github.com/dotenvx/dotenvx/releases/download/v1.64.0/dotenvx-1.64.0-linux-aarch64.tar.gz"

[tools.dotenvx."platforms.linux-x64"]
checksum = "sha256:90c1c7f2575df047fadb6005a5c3fe6c599b086cc67e9c4def15af3537da71ba"
url = "https://github.com/dotenvx/dotenvx/releases/download/v1.64.0/dotenvx-1.64.0-linux-amd64.tar.gz"

[tools.dotenvx."platforms.linux-x64-musl"]
checksum = "sha256:90c1c7f2575df047fadb6005a5c3fe6c599b086cc67e9c4def15af3537da71ba"
url = "https://github.com/dotenvx/dotenvx/releases/download/v1.64.0/dotenvx-1.64.0-linux-amd64.tar.gz"

[tools.dotenvx."platforms.macos-arm64"]
checksum = "sha256:f016ad694db45826a654a65a28bdd4c028cb379d042a6473b7fe621e0267841b"
url = "https://github.com/dotenvx/dotenvx/releases/download/v1.64.0/dotenvx-1.64.0-darwin-arm64.tar.gz"

[tools.dotenvx."platforms.macos-x64"]
checksum = "sha256:8298f5238d7db507daad84b0b2d4ae3c4a2914322b576c6427b7e61d4d5fd4fe"
url = "https://github.com/dotenvx/dotenvx/releases/download/v1.64.0/dotenvx-1.64.0-darwin-amd64.tar.gz"

[tools.dotenvx."platforms.windows-x64"]
checksum = "sha256:8ecb64e6514e15f2aeff0512ca27e89369e826158552fd700fdf23687b9ed97c"
url = "https://github.com/dotenvx/dotenvx/releases/download/v1.64.0/dotenvx-1.64.0-windows-amd64.tar.gz"

[[tools.node]]
version = "24.15.0"
backend = "core:node"

[tools.node."platforms.linux-arm64"]
checksum = "sha256:73afc234d558c24919875f51c2d1ea002a2ada4ea6f83601a383869fefa64eed"
url = "https://nodejs.org/dist/v24.15.0/node-v24.15.0-linux-arm64.tar.gz"

[tools.node."platforms.linux-arm64-musl"]
checksum = "sha256:31e98aa960a067da91edffd5d93bc46657b5d2a8029612c359f5f2ac0060152a"
url = "https://unofficial-builds.nodejs.org/download/release/v24.15.0/node-v24.15.0-linux-arm64-musl.tar.gz"

[tools.node."platforms.linux-x64"]
checksum = "sha256:44836872d9aec49f1e6b52a9a922872db9a2b02d235a616a5681b6a85fec8d89"
url = "https://nodejs.org/dist/v24.15.0/node-v24.15.0-linux-x64.tar.gz"

[tools.node."platforms.linux-x64-musl"]
checksum = "sha256:f55af5bd489c5347b113ca6594cae00a54b30ba57ac5875324311bfc6f4762e3"
url = "https://unofficial-builds.nodejs.org/download/release/v24.15.0/node-v24.15.0-linux-x64-musl.tar.gz"

[tools.node."platforms.macos-arm64"]
checksum = "sha256:372331b969779ab5d15b949884fc6eaf88d5afe87bde8ba881d6400b9100ffc4"
url = "https://nodejs.org/dist/v24.15.0/node-v24.15.0-darwin-arm64.tar.gz"

[tools.node."platforms.macos-x64"]
checksum = "sha256:ffd5ee293467927f3ee731a553eb88fd1f48cf74eebc2d74a6babe4af228673b"
url = "https://nodejs.org/dist/v24.15.0/node-v24.15.0-darwin-x64.tar.gz"

[tools.node."platforms.windows-x64"]
checksum = "sha256:cc5149eabd53779ce1e7bdc5401643622d0c7e6800ade18928a767e940bb0e62"
url = "https://nodejs.org/dist/v24.15.0/node-v24.15.0-win-x64.zip"

[[tools."npm:@google/clasp"]]
version = "3.3.0"
backend = "npm:@google/clasp"

[[tools.pnpm]]
version = "11.0.3"
backend = "aqua:pnpm/pnpm"

[tools.pnpm.options]
"vars.dependencies" = "node"

[tools.pnpm."platforms.linux-arm64"]
checksum = "sha256:1bd8ffddbbd1d7ea179351c8c1dc620990a17550a8597e8961d08c64c9854d55"
url = "https://github.com/pnpm/pnpm/releases/download/v11.0.3/pnpm-linux-arm64.tar.gz"

[tools.pnpm."platforms.linux-arm64-musl"]
checksum = "sha256:57a778a4b782234f34cc749f8609576effa7ccecfba43717181eb69eed4000b1"
url = "https://github.com/pnpm/pnpm/releases/download/v11.0.3/pnpm-linux-arm64-musl.tar.gz"

[tools.pnpm."platforms.linux-x64"]
checksum = "sha256:5c236f22568453e76f05c2c0a37b483d326ddb3c7759f3b7a7f13a8860109771"
url = "https://github.com/pnpm/pnpm/releases/download/v11.0.3/pnpm-linux-x64.tar.gz"

[tools.pnpm."platforms.linux-x64-musl"]
checksum = "sha256:c90e8a251a60e808e5f65d5365224fa5143275db6c7cb8ac8396ccb30e07ab93"
url = "https://github.com/pnpm/pnpm/releases/download/v11.0.3/pnpm-linux-x64-musl.tar.gz"

[tools.pnpm."platforms.macos-arm64"]
checksum = "sha256:a24f12a75b371acfbb69cee3ffd54dd7865daa25323d4f12bb22be12edff0ed2"
url = "https://github.com/pnpm/pnpm/releases/download/v11.0.3/pnpm-darwin-arm64.tar.gz"

[tools.pnpm."platforms.macos-x64"]
checksum = "sha256:c05a97abd756b6cd8ca1c1e70bca14eddc1b129b4e5b8cd2131474615e57483a"
url = "https://github.com/pnpm/pnpm/releases/download/v11.0.3/pnpm-darwin-x64.tar.gz"

[tools.pnpm."platforms.windows-x64"]
checksum = "sha256:1acab0c306c08e26be5b702c19466d14f6aa44797a7166191e81138f50291741"
url = "https://github.com/pnpm/pnpm/releases/download/v11.0.3/pnpm-win32-x64.zip"
